// !$*UTF8*$!
{
	archiveVersion = 1;
	classes = {
	};
	objectVersion = 46;
	objects = {

/* Begin PBXBuildFile section */
		1EA70CA719C14358006DB4AF /* Foundation.framework in Frameworks */ = {isa = PBXBuildFile; fileRef = 1EA70CA619C14358006DB4AF /* Foundation.framework */; };
		1EA70CA919C14358006DB4AF /* CoreGraphics.framework in Frameworks */ = {isa = PBXBuildFile; fileRef = 1EA70CA819C14358006DB4AF /* CoreGraphics.framework */; };
		1EA70CAB19C14358006DB4AF /* UIKit.framework in Frameworks */ = {isa = PBXBuildFile; fileRef = 1EA70CAA19C14358006DB4AF /* UIKit.framework */; };
		1EA70CB119C14358006DB4AF /* InfoPlist.strings in Resources */ = {isa = PBXBuildFile; fileRef = 1EA70CAF19C14358006DB4AF /* InfoPlist.strings */; };
		1EA70CB319C14358006DB4AF /* main.m in Sources */ = {isa = PBXBuildFile; fileRef = 1EA70CB219C14358006DB4AF /* main.m */; };
		1EA70CB719C14358006DB4AF /* PAppDelegate.m in Sources */ = {isa = PBXBuildFile; fileRef = 1EA70CB619C14358006DB4AF /* PAppDelegate.m */; };
		1EA70CBA19C14358006DB4AF /* Main.storyboard in Resources */ = {isa = PBXBuildFile; fileRef = 1EA70CB819C14358006DB4AF /* Main.storyboard */; };
		1EA70CBD19C14358006DB4AF /* PViewController.m in Sources */ = {isa = PBXBuildFile; fileRef = 1EA70CBC19C14358006DB4AF /* PViewController.m */; };
		1EA70CBF19C14358006DB4AF /* Images.xcassets in Resources */ = {isa = PBXBuildFile; fileRef = 1EA70CBE19C14358006DB4AF /* Images.xcassets */; };
		1EA70CC619C14358006DB4AF /* XCTest.framework in Frameworks */ = {isa = PBXBuildFile; fileRef = 1EA70CC519C14358006DB4AF /* XCTest.framework */; };
		1EA70CC719C14358006DB4AF /* Foundation.framework in Frameworks */ = {isa = PBXBuildFile; fileRef = 1EA70CA619C14358006DB4AF /* Foundation.framework */; };
		1EA70CC819C14358006DB4AF /* UIKit.framework in Frameworks */ = {isa = PBXBuildFile; fileRef = 1EA70CAA19C14358006DB4AF /* UIKit.framework */; };
		1EA70CD019C14358006DB4AF /* InfoPlist.strings in Resources */ = {isa = PBXBuildFile; fileRef = 1EA70CCE19C14358006DB4AF /* InfoPlist.strings */; };
		1EA70CD219C14358006DB4AF /* PartierTests.m in Sources */ = {isa = PBXBuildFile; fileRef = 1EA70CD119C14358006DB4AF /* PartierTests.m */; };
		1EA70CDD19C14F0A006DB4AF /* PCard.m in Sources */ = {isa = PBXBuildFile; fileRef = 1EA70CDC19C14F0A006DB4AF /* PCard.m */; };
		8AA2383A19CA8BBA00750527 /* Constants.m in Sources */ = {isa = PBXBuildFile; fileRef = 8AA2383919CA8BBA00750527 /* Constants.m */; };
/* End PBXBuildFile section */

/* Begin PBXContainerItemProxy section */
		1EA70CC919C14358006DB4AF /* PBXContainerItemProxy */ = {
			isa = PBXContainerItemProxy;
			containerPortal = 1EA70C9B19C14358006DB4AF /* Project object */;
			proxyType = 1;
			remoteGlobalIDString = 1EA70CA219C14358006DB4AF;
			remoteInfo = Partier;
		};
/* End PBXContainerItemProxy section */

/* Begin PBXFileReference section */
		1EA70CA319C14358006DB4AF /* Partier.app */ = {isa = PBXFileReference; explicitFileType = wrapper.application; includeInIndex = 0; path = Partier.app; sourceTree = BUILT_PRODUCTS_DIR; };
		1EA70CA619C14358006DB4AF /* Foundation.framework */ = {isa = PBXFileReference; lastKnownFileType = wrapper.framework; name = Foundation.framework; path = System/Library/Frameworks/Foundation.framework; sourceTree = SDKROOT; };
		1EA70CA819C14358006DB4AF /* CoreGraphics.framework */ = {isa = PBXFileReference; lastKnownFileType = wrapper.framework; name = CoreGraphics.framework; path = System/Library/Frameworks/CoreGraphics.framework; sourceTree = SDKROOT; };
		1EA70CAA19C14358006DB4AF /* UIKit.framework */ = {isa = PBXFileReference; lastKnownFileType = wrapper.framework; name = UIKit.framework; path = System/Library/Frameworks/UIKit.framework; sourceTree = SDKROOT; };
		1EA70CAE19C14358006DB4AF /* Partier-Info.plist */ = {isa = PBXFileReference; lastKnownFileType = text.plist.xml; path = "Partier-Info.plist"; sourceTree = "<group>"; };
		1EA70CB019C14358006DB4AF /* en */ = {isa = PBXFileReference; lastKnownFileType = text.plist.strings; name = en; path = en.lproj/InfoPlist.strings; sourceTree = "<group>"; };
		1EA70CB219C14358006DB4AF /* main.m */ = {isa = PBXFileReference; lastKnownFileType = sourcecode.c.objc; path = main.m; sourceTree = "<group>"; };
		1EA70CB419C14358006DB4AF /* Partier-Prefix.pch */ = {isa = PBXFileReference; lastKnownFileType = sourcecode.c.h; path = "Partier-Prefix.pch"; sourceTree = "<group>"; };
		1EA70CB519C14358006DB4AF /* PAppDelegate.h */ = {isa = PBXFileReference; lastKnownFileType = sourcecode.c.h; path = PAppDelegate.h; sourceTree = "<group>"; };
		1EA70CB619C14358006DB4AF /* PAppDelegate.m */ = {isa = PBXFileReference; lastKnownFileType = sourcecode.c.objc; path = PAppDelegate.m; sourceTree = "<group>"; };
		1EA70CB919C14358006DB4AF /* Base */ = {isa = PBXFileReference; lastKnownFileType = file.storyboard; name = Base; path = Base.lproj/Main.storyboard; sourceTree = "<group>"; };
		1EA70CBB19C14358006DB4AF /* PViewController.h */ = {isa = PBXFileReference; lastKnownFileType = sourcecode.c.h; path = PViewController.h; sourceTree = "<group>"; };
		1EA70CBC19C14358006DB4AF /* PViewController.m */ = {isa = PBXFileReference; lastKnownFileType = sourcecode.c.objc; path = PViewController.m; sourceTree = "<group>"; };
		1EA70CBE19C14358006DB4AF /* Images.xcassets */ = {isa = PBXFileReference; lastKnownFileType = folder.assetcatalog; path = Images.xcassets; sourceTree = "<group>"; };
		1EA70CC419C14358006DB4AF /* PartierTests.xctest */ = {isa = PBXFileReference; explicitFileType = wrapper.cfbundle; includeInIndex = 0; path = PartierTests.xctest; sourceTree = BUILT_PRODUCTS_DIR; };
		1EA70CC519C14358006DB4AF /* XCTest.framework */ = {isa = PBXFileReference; lastKnownFileType = wrapper.framework; name = XCTest.framework; path = Library/Frameworks/XCTest.framework; sourceTree = DEVELOPER_DIR; };
		1EA70CCD19C14358006DB4AF /* PartierTests-Info.plist */ = {isa = PBXFileReference; lastKnownFileType = text.plist.xml; path = "PartierTests-Info.plist"; sourceTree = "<group>"; };
		1EA70CCF19C14358006DB4AF /* en */ = {isa = PBXFileReference; lastKnownFileType = text.plist.strings; name = en; path = en.lproj/InfoPlist.strings; sourceTree = "<group>"; };
		1EA70CD119C14358006DB4AF /* PartierTests.m */ = {isa = PBXFileReference; lastKnownFileType = sourcecode.c.objc; path = PartierTests.m; sourceTree = "<group>"; };
		1EA70CDB19C14F0A006DB4AF /* PCard.h */ = {isa = PBXFileReference; fileEncoding = 4; lastKnownFileType = sourcecode.c.h; path = PCard.h; sourceTree = "<group>"; };
		1EA70CDC19C14F0A006DB4AF /* PCard.m */ = {isa = PBXFileReference; fileEncoding = 4; lastKnownFileType = sourcecode.c.objc; path = PCard.m; sourceTree = "<group>"; };
		8AA2383819CA8B5300750527 /* Constants.h */ = {isa = PBXFileReference; fileEncoding = 4; lastKnownFileType = sourcecode.c.h; path = Constants.h; sourceTree = "<group>"; };
		8AA2383919CA8BBA00750527 /* Constants.m */ = {isa = PBXFileReference; fileEncoding = 4; lastKnownFileType = sourcecode.c.objc; path = Constants.m; sourceTree = "<group>"; };
/* End PBXFileReference section */

/* Begin PBXFrameworksBuildPhase section */
		1EA70CA019C14358006DB4AF /* Frameworks */ = {
			isa = PBXFrameworksBuildPhase;
			buildActionMask = 2147483647;
			files = (
				1EA70CA919C14358006DB4AF /* CoreGraphics.framework in Frameworks */,
				1EA70CAB19C14358006DB4AF /* UIKit.framework in Frameworks */,
				1EA70CA719C14358006DB4AF /* Foundation.framework in Frameworks */,
			);
			runOnlyForDeploymentPostprocessing = 0;
		};
		1EA70CC119C14358006DB4AF /* Frameworks */ = {
			isa = PBXFrameworksBuildPhase;
			buildActionMask = 2147483647;
			files = (
				1EA70CC619C14358006DB4AF /* XCTest.framework in Frameworks */,
				1EA70CC819C14358006DB4AF /* UIKit.framework in Frameworks */,
				1EA70CC719C14358006DB4AF /* Foundation.framework in Frameworks */,
			);
			runOnlyForDeploymentPostprocessing = 0;
		};
/* End PBXFrameworksBuildPhase section */

/* Begin PBXGroup section */
		1EA70C9A19C14358006DB4AF = {
			isa = PBXGroup;
			children = (
				1EA70CAC19C14358006DB4AF /* Partier */,
				1EA70CCB19C14358006DB4AF /* PartierTests */,
				1EA70CA519C14358006DB4AF /* Frameworks */,
				1EA70CA419C14358006DB4AF /* Products */,
			);
			sourceTree = "<group>";
		};
		1EA70CA419C14358006DB4AF /* Products */ = {
			isa = PBXGroup;
			children = (
				1EA70CA319C14358006DB4AF /* Partier.app */,
				1EA70CC419C14358006DB4AF /* PartierTests.xctest */,
			);
			name = Products;
			sourceTree = "<group>";
		};
		1EA70CA519C14358006DB4AF /* Frameworks */ = {
			isa = PBXGroup;
			children = (
				1EA70CA619C14358006DB4AF /* Foundation.framework */,
				1EA70CA819C14358006DB4AF /* CoreGraphics.framework */,
				1EA70CAA19C14358006DB4AF /* UIKit.framework */,
				1EA70CC519C14358006DB4AF /* XCTest.framework */,
			);
			name = Frameworks;
			sourceTree = "<group>";
		};
		1EA70CAC19C14358006DB4AF /* Partier */ = {
			isa = PBXGroup;
			children = (
				1EA70CB519C14358006DB4AF /* PAppDelegate.h */,
				1EA70CB619C14358006DB4AF /* PAppDelegate.m */,
				1EA70CB819C14358006DB4AF /* Main.storyboard */,
				1EA70CBB19C14358006DB4AF /* PViewController.h */,
				1EA70CBC19C14358006DB4AF /* PViewController.m */,
				1EA70CBE19C14358006DB4AF /* Images.xcassets */,
				1EA70CAD19C14358006DB4AF /* Supporting Files */,
				1EA70CDB19C14F0A006DB4AF /* PCard.h */,
				1EA70CDC19C14F0A006DB4AF /* PCard.m */,
				8AA2383819CA8B5300750527 /* Constants.h */,
				8AA2383919CA8BBA00750527 /* Constants.m */,
			);
			path = Partier;
			sourceTree = "<group>";
		};
		1EA70CAD19C14358006DB4AF /* Supporting Files */ = {
			isa = PBXGroup;
			children = (
				1EA70CAE19C14358006DB4AF /* Partier-Info.plist */,
				1EA70CAF19C14358006DB4AF /* InfoPlist.strings */,
				1EA70CB219C14358006DB4AF /* main.m */,
				1EA70CB419C14358006DB4AF /* Partier-Prefix.pch */,
			);
			name = "Supporting Files";
			sourceTree = "<group>";
		};
		1EA70CCB19C14358006DB4AF /* PartierTests */ = {
			isa = PBXGroup;
			children = (
				1EA70CD119C14358006DB4AF /* PartierTests.m */,
				1EA70CCC19C14358006DB4AF /* Supporting Files */,
			);
			path = PartierTests;
			sourceTree = "<group>";
		};
		1EA70CCC19C14358006DB4AF /* Supporting Files */ = {
			isa = PBXGroup;
			children = (
				1EA70CCD19C14358006DB4AF /* PartierTests-Info.plist */,
				1EA70CCE19C14358006DB4AF /* InfoPlist.strings */,
			);
			name = "Supporting Files";
			sourceTree = "<group>";
		};
/* End PBXGroup section */

/* Begin PBXNativeTarget section */
		1EA70CA219C14358006DB4AF /* Partier */ = {
			isa = PBXNativeTarget;
			buildConfigurationList = 1EA70CD519C14358006DB4AF /* Build configuration list for PBXNativeTarget "Partier" */;
			buildPhases = (
				1EA70C9F19C14358006DB4AF /* Sources */,
				1EA70CA019C14358006DB4AF /* Frameworks */,
				1EA70CA119C14358006DB4AF /* Resources */,
			);
			buildRules = (
			);
			dependencies = (
			);
			name = Partier;
			productName = Partier;
			productReference = 1EA70CA319C14358006DB4AF /* Partier.app */;
			productType = "com.apple.product-type.application";
		};
		1EA70CC319C14358006DB4AF /* PartierTests */ = {
			isa = PBXNativeTarget;
			buildConfigurationList = 1EA70CD819C14358006DB4AF /* Build configuration list for PBXNativeTarget "PartierTests" */;
			buildPhases = (
				1EA70CC019C14358006DB4AF /* Sources */,
				1EA70CC119C14358006DB4AF /* Frameworks */,
				1EA70CC219C14358006DB4AF /* Resources */,
			);
			buildRules = (
			);
			dependencies = (
				1EA70CCA19C14358006DB4AF /* PBXTargetDependency */,
			);
			name = PartierTests;
			productName = PartierTests;
			productReference = 1EA70CC419C14358006DB4AF /* PartierTests.xctest */;
			productType = "com.apple.product-type.bundle.unit-test";
		};
/* End PBXNativeTarget section */

/* Begin PBXProject section */
		1EA70C9B19C14358006DB4AF /* Project object */ = {
			isa = PBXProject;
			attributes = {
				CLASSPREFIX = P;
				LastUpgradeCheck = 0510;
				ORGANIZATIONNAME = "The Game Studio";
				TargetAttributes = {
					1EA70CA219C14358006DB4AF = {
						DevelopmentTeam = DV9CGBVZR5;
					};
					1EA70CC319C14358006DB4AF = {
						TestTargetID = 1EA70CA219C14358006DB4AF;
					};
				};
			};
			buildConfigurationList = 1EA70C9E19C14358006DB4AF /* Build configuration list for PBXProject "Partier" */;
			compatibilityVersion = "Xcode 3.2";
			developmentRegion = English;
			hasScannedForEncodings = 0;
			knownRegions = (
				en,
				Base,
			);
			mainGroup = 1EA70C9A19C14358006DB4AF;
			productRefGroup = 1EA70CA419C14358006DB4AF /* Products */;
			projectDirPath = "";
			projectRoot = "";
			targets = (
				1EA70CA219C14358006DB4AF /* Partier */,
				1EA70CC319C14358006DB4AF /* PartierTests */,
			);
		};
/* End PBXProject section */

/* Begin PBXResourcesBuildPhase section */
		1EA70CA119C14358006DB4AF /* Resources */ = {
			isa = PBXResourcesBuildPhase;
			buildActionMask = 2147483647;
			files = (
				1EA70CBF19C14358006DB4AF /* Images.xcassets in Resources */,
				1EA70CB119C14358006DB4AF /* InfoPlist.strings in Resources */,
				1EA70CBA19C14358006DB4AF /* Main.storyboard in Resources */,
			);
			runOnlyForDeploymentPostprocessing = 0;
		};
		1EA70CC219C14358006DB4AF /* Resources */ = {
			isa = PBXResourcesBuildPhase;
			buildActionMask = 2147483647;
			files = (
				1EA70CD019C14358006DB4AF /* InfoPlist.strings in Resources */,
			);
			runOnlyForDeploymentPostprocessing = 0;
		};
/* End PBXResourcesBuildPhase section */

/* Begin PBXSourcesBuildPhase section */
		1EA70C9F19C14358006DB4AF /* Sources */ = {
			isa = PBXSourcesBuildPhase;
			buildActionMask = 2147483647;
			files = (
				8AA2383A19CA8BBA00750527 /* Constants.m in Sources */,
				1EA70CDD19C14F0A006DB4AF /* PCard.m in Sources */,
				1EA70CB319C14358006DB4AF /* main.m in Sources */,
				1EA70CBD19C14358006DB4AF /* PViewController.m in Sources */,
				1EA70CB719C14358006DB4AF /* PAppDelegate.m in Sources */,
			);
			runOnlyForDeploymentPostprocessing = 0;
		};
		1EA70CC019C14358006DB4AF /* Sources */ = {
			isa = PBXSourcesBuildPhase;
			buildActionMask = 2147483647;
			files = (
				1EA70CD219C14358006DB4AF /* PartierTests.m in Sources */,
			);
			runOnlyForDeploymentPostprocessing = 0;
		};
/* End PBXSourcesBuildPhase section */

/* Begin PBXTargetDependency section */
		1EA70CCA19C14358006DB4AF /* PBXTargetDependency */ = {
			isa = PBXTargetDependency;
			target = 1EA70CA219C14358006DB4AF /* Partier */;
			targetProxy = 1EA70CC919C14358006DB4AF /* PBXContainerItemProxy */;
		};
/* End PBXTargetDependency section */

/* Begin PBXVariantGroup section */
		1EA70CAF19C14358006DB4AF /* InfoPlist.strings */ = {
			isa = PBXVariantGroup;
			children = (
				1EA70CB019C14358006DB4AF /* en */,
			);
			name = InfoPlist.strings;
			sourceTree = "<group>";
		};
		1EA70CB819C14358006DB4AF /* Main.storyboard */ = {
			isa = PBXVariantGroup;
			children = (
				1EA70CB919C14358006DB4AF /* Base */,
			);
			name = Main.storyboard;
			sourceTree = "<group>";
		};
		1EA70CCE19C14358006DB4AF /* InfoPlist.strings */ = {
			isa = PBXVariantGroup;
			children = (
				1EA70CCF19C14358006DB4AF /* en */,
			);
			name = InfoPlist.strings;
			sourceTree = "<group>";
		};
/* End PBXVariantGroup section */

/* Begin XCBuildConfiguration section */
		1EA70CD319C14358006DB4AF /* Debug */ = {
			isa = XCBuildConfiguration;
			buildSettings = {
				ALWAYS_SEARCH_USER_PATHS = NO;
				CLANG_CXX_LANGUAGE_STANDARD = "gnu++0x";
				CLANG_CXX_LIBRARY = "libc++";
				CLANG_ENABLE_MODULES = YES;
				CLANG_ENABLE_OBJC_ARC = YES;
				CLANG_WARN_BOOL_CONVERSION = YES;
				CLANG_WARN_CONSTANT_CONVERSION = YES;
				CLANG_WARN_DIRECT_OBJC_ISA_USAGE = YES_ERROR;
				CLANG_WARN_EMPTY_BODY = YES;
				CLANG_WARN_ENUM_CONVERSION = YES;
				CLANG_WARN_INT_CONVERSION = YES;
				CLANG_WARN_OBJC_ROOT_CLASS = YES_ERROR;
				CLANG_WARN__DUPLICATE_METHOD_MATCH = YES;
				"CODE_SIGN_IDENTITY[sdk=iphoneos*]" = "iPhone Developer";
				COPY_PHASE_STRIP = NO;
				GCC_C_LANGUAGE_STANDARD = gnu99;
				GCC_DYNAMIC_NO_PIC = NO;
				GCC_OPTIMIZATION_LEVEL = 0;
				GCC_PREPROCESSOR_DEFINITIONS = (
					"DEBUG=1",
					"$(inherited)",
				);
				GCC_SYMBOLS_PRIVATE_EXTERN = NO;
				GCC_WARN_64_TO_32_BIT_CONVERSION = YES;
				GCC_WARN_ABOUT_RETURN_TYPE = YES_ERROR;
				GCC_WARN_UNDECLARED_SELECTOR = YES;
				GCC_WARN_UNINITIALIZED_AUTOS = YES_AGGRESSIVE;
				GCC_WARN_UNUSED_FUNCTION = YES;
				GCC_WARN_UNUSED_VARIABLE = YES;
				IPHONEOS_DEPLOYMENT_TARGET = 7.1;
				ONLY_ACTIVE_ARCH = YES;
				SDKROOT = iphoneos;
			};
			name = Debug;
		};
		1EA70CD419C14358006DB4AF /* Release */ = {
			isa = XCBuildConfiguration;
			buildSettings = {
				ALWAYS_SEARCH_USER_PATHS = NO;
				CLANG_CXX_LANGUAGE_STANDARD = "gnu++0x";
				CLANG_CXX_LIBRARY = "libc++";
				CLANG_ENABLE_MODULES = YES;
				CLANG_ENABLE_OBJC_ARC = YES;
				CLANG_WARN_BOOL_CONVERSION = YES;
				CLANG_WARN_CONSTANT_CONVERSION = YES;
				CLANG_WARN_DIRECT_OBJC_ISA_USAGE = YES_ERROR;
				CLANG_WARN_EMPTY_BODY = YES;
				CLANG_WARN_ENUM_CONVERSION = YES;
				CLANG_WARN_INT_CONVERSION = YES;
				CLANG_WARN_OBJC_ROOT_CLASS = YES_ERROR;
				CLANG_WARN__DUPLICATE_METHOD_MATCH = YES;
				"CODE_SIGN_IDENTITY[sdk=iphoneos*]" = "iPhone Developer";
				COPY_PHASE_STRIP = YES;
				ENABLE_NS_ASSERTIONS = NO;
				GCC_C_LANGUAGE_STANDARD = gnu99;
				GCC_WARN_64_TO_32_BIT_CONVERSION = YES;
				GCC_WARN_ABOUT_RETURN_TYPE = YES_ERROR;
				GCC_WARN_UNDECLARED_SELECTOR = YES;
				GCC_WARN_UNINITIALIZED_AUTOS = YES_AGGRESSIVE;
				GCC_WARN_UNUSED_FUNCTION = YES;
				GCC_WARN_UNUSED_VARIABLE = YES;
				IPHONEOS_DEPLOYMENT_TARGET = 7.1;
				SDKROOT = iphoneos;
				VALIDATE_PRODUCT = YES;
			};
			name = Release;
		};
		1EA70CD619C14358006DB4AF /* Debug */ = {
			isa = XCBuildConfiguration;
			buildSettings = {
				ASSETCATALOG_COMPILER_APPICON_NAME = AppIcon;
				ASSETCATALOG_COMPILER_LAUNCHIMAGE_NAME = LaunchImage;
				CODE_SIGN_IDENTITY = "iPhone Developer";
				GCC_PRECOMPILE_PREFIX_HEADER = YES;
				GCC_PREFIX_HEADER = "Partier/Partier-Prefix.pch";
				INFOPLIST_FILE = "Partier/Partier-Info.plist";
				IPHONEOS_DEPLOYMENT_TARGET = 7.0;
				PRODUCT_NAME = "$(TARGET_NAME)";
				WRAPPER_EXTENSION = app;
			};
			name = Debug;
		};
		1EA70CD719C14358006DB4AF /* Release */ = {
			isa = XCBuildConfiguration;
			buildSettings = {
				ASSETCATALOG_COMPILER_APPICON_NAME = AppIcon;
				ASSETCATALOG_COMPILER_LAUNCHIMAGE_NAME = LaunchImage;
				CODE_SIGN_IDENTITY = "iPhone Developer";
				GCC_PRECOMPILE_PREFIX_HEADER = YES;
				GCC_PREFIX_HEADER = "Partier/Partier-Prefix.pch";
				INFOPLIST_FILE = "Partier/Partier-Info.plist";
				IPHONEOS_DEPLOYMENT_TARGET = 7.0;
				PRODUCT_NAME = "$(TARGET_NAME)";
				WRAPPER_EXTENSION = app;
			};
			name = Release;
		};
		1EA70CD919C14358006DB4AF /* Debug */ = {
			isa = XCBuildConfiguration;
			buildSettings = {
				BUNDLE_LOADER = "$(BUILT_PRODUCTS_DIR)/Partier.app/Partier";
				FRAMEWORK_SEARCH_PATHS = (
					"$(SDKROOT)/Developer/Library/Frameworks",
					"$(inherited)",
					"$(DEVELOPER_FRAMEWORKS_DIR)",
				);
				GCC_PRECOMPILE_PREFIX_HEADER = YES;
				GCC_PREFIX_HEADER = "Partier/Partier-Prefix.pch";
				GCC_PREPROCESSOR_DEFINITIONS = (
					"DEBUG=1",
					"$(inherited)",
				);
				INFOPLIST_FILE = "PartierTests/PartierTests-Info.plist";
				PRODUCT_NAME = "$(TARGET_NAME)";
				TEST_HOST = "$(BUNDLE_LOADER)";
				WRAPPER_EXTENSION = xctest;
			};
			name = Debug;
		};
		1EA70CDA19C14358006DB4AF /* Release */ = {
			isa = XCBuildConfiguration;
			buildSettings = {
				BUNDLE_LOADER = "$(BUILT_PRODUCTS_DIR)/Partier.app/Partier";
				FRAMEWORK_SEARCH_PATHS = (
					"$(SDKROOT)/Developer/Library/Frameworks",
					"$(inherited)",
					"$(DEVELOPER_FRAMEWORKS_DIR)",
				);
				GCC_PRECOMPILE_PREFIX_HEADER = YES;
				GCC_PREFIX_HEADER = "Partier/Partier-Prefix.pch";
				INFOPLIST_FILE = "PartierTests/PartierTests-Info.plist";
				PRODUCT_NAME = "$(TARGET_NAME)";
				TEST_HOST = "$(BUNDLE_LOADER)";
				WRAPPER_EXTENSION = xctest;
			};
			name = Release;
		};
/* End XCBuildConfiguration section */

/* Begin XCConfigurationList section */
		1EA70C9E19C14358006DB4AF /* Build configuration list for PBXProject "Partier" */ = {
			isa = XCConfigurationList;
			buildConfigurations = (
				1EA70CD319C14358006DB4AF /* Debug */,
				1EA70CD419C14358006DB4AF /* Release */,
			);
			defaultConfigurationIsVisible = 0;
			defaultConfigurationName = Release;
		};
		1EA70CD519C14358006DB4AF /* Build configuration list for PBXNativeTarget "Partier" */ = {
			isa = XCConfigurationList;
			buildConfigurations = (
				1EA70CD619C14358006DB4AF /* Debug */,
				1EA70CD719C14358006DB4AF /* Release */,
			);
			defaultConfigurationIsVisible = 0;
			defaultConfigurationName = Release;
		};
		1EA70CD819C14358006DB4AF /* Build configuration list for PBXNativeTarget "PartierTests" */ = {
			isa = XCConfigurationList;
			buildConfigurations = (
				1EA70CD919C14358006DB4AF /* Debug */,
				1EA70CDA19C14358006DB4AF /* Release */,
			);
			defaultConfigurationIsVisible = 0;
			defaultConfigurationName = Release;
		};
/* End XCConfigurationList section */
	};
	rootObject = 1EA70C9B19C14358006DB4AF /* Project object */;
}
